
Microsoft Visual Studio Solution File, Format Version 12.00
# Visual Studio Version 17
VisualStudioVersion = 17.2.32505.173
MinimumVisualStudioVersion = 10.0.40219.1
Project("{2150E333-8FDC-42A3-9474-1A3956D46DE8}") = "Creational", "Creational", "{6A10E5B9-F6DC-4CD4-A3DA-48CE170992C6}"
EndProject
Project("{9A19103F-16F7-4668-BE54-9A1E7A4F7556}") = "1 - FactoryMethod", "Creational\1 - FactoryMethod\1 - FactoryMethod.csproj", "{5CA180F0-BA70-4CEB-850A-7A9EE36BFC39}"
EndProject
Project("{9A19103F-16F7-4668-BE54-9A1E7A4F7556}") = "2 - AbstractFactory", "Creational\2 - AbstractFactory\2 - AbstractFactory.csproj", "{9075C919-C60A-406C-BA2E-78873240FF10}"
EndProject
Project("{9A19103F-16F7-4668-BE54-9A1E7A4F7556}") = "3 - Builder", "Creational\3 - Builder\3 - Builder.csproj", "{5DE986E4-411C-42AE-AB5A-472D73EBD8F6}"
EndProject
Project("{9A19103F-16F7-4668-BE54-9A1E7A4F7556}") = "4 - Prototype", "Creational\4 - Prototype\4 - Prototype.csproj", "{30660A73-2526-471F-A0F0-73A0720EB41E}"
EndProject
Project("{9A19103F-16F7-4668-BE54-9A1E7A4F7556}") = "5 - Singleton", "Creational\5 - Singleton\5 - Singleton.csproj", "{AD172532-AA37-4B56-8738-8B33640D06B7}"
EndProject
Global
	GlobalSection(SolutionConfigurationPlatforms) = preSolution
		Debug|Any CPU = Debug|Any CPU
		Release|Any CPU = Release|Any CPU
	EndGlobalSection
	GlobalSection(ProjectConfigurationPlatforms) = postSolution
		{5CA180F0-BA70-4CEB-850A-7A9EE36BFC39}.Debug|Any CPU.ActiveCfg = Debug|Any CPU
		{5CA180F0-BA70-4CEB-850A-7A9EE36BFC39}.Debug|Any CPU.Build.0 = Debug|Any CPU
		{5CA180F0-BA70-4CEB-850A-7A9EE36BFC39}.Release|Any CPU.ActiveCfg = Release|Any CPU
		{5CA180F0-BA70-4CEB-850A-7A9EE36BFC39}.Release|Any CPU.Build.0 = Release|Any CPU
		{9075C919-C60A-406C-BA2E-78873240FF10}.Debug|Any CPU.ActiveCfg = Debug|Any CPU
		{9075C919-C60A-406C-BA2E-78873240FF10}.Debug|Any CPU.Build.0 = Debug|Any CPU
		{9075C919-C60A-406C-BA2E-78873240FF10}.Release|Any CPU.ActiveCfg = Release|Any CPU
		{9075C919-C60A-406C-BA2E-78873240FF10}.Release|Any CPU.Build.0 = Release|Any CPU
		{5DE986E4-411C-42AE-AB5A-472D73EBD8F6}.Debug|Any CPU.ActiveCfg = Debug|Any CPU
		{5DE986E4-411C-42AE-AB5A-472D73EBD8F6}.Debug|Any CPU.Build.0 = Debug|Any CPU
		{5DE986E4-411C-42AE-AB5A-472D73EBD8F6}.Release|Any CPU.ActiveCfg = Release|Any CPU
		{5DE986E4-411C-42AE-AB5A-472D73EBD8F6}.Release|Any CPU.Build.0 = Release|Any CPU
		{30660A73-2526-471F-A0F0-73A0720EB41E}.Debug|Any CPU.ActiveCfg = Debug|Any CPU
		{30660A73-2526-471F-A0F0-73A0720EB41E}.Debug|Any CPU.Build.0 = Debug|Any CPU
		{30660A73-2526-471F-A0F0-73A0720EB41E}.Release|Any CPU.ActiveCfg = Release|Any CPU
		{30660A73-2526-471F-A0F0-73A0720EB41E}.Release|Any CPU.Build.0 = Release|Any CPU
		{AD172532-AA37-4B56-8738-8B33640D06B7}.Debug|Any CPU.ActiveCfg = Debug|Any CPU
		{AD172532-AA37-4B56-8738-8B33640D06B7}.Debug|Any CPU.Build.0 = Debug|Any CPU
		{AD172532-AA37-4B56-8738-8B33640D06B7}.Release|Any CPU.ActiveCfg = Release|Any CPU
		{AD172532-AA37-4B56-8738-8B33640D06B7}.Release|Any CPU.Build.0 = Release|Any CPU
	EndGlobalSection
	GlobalSection(SolutionProperties) = preSolution
		HideSolutionNode = FALSE
	EndGlobalSection
	GlobalSection(NestedProjects) = preSolution
		{5CA180F0-BA70-4CEB-850A-7A9EE36BFC39} = {6A10E5B9-F6DC-4CD4-A3DA-48CE170992C6}
		{9075C919-C60A-406C-BA2E-78873240FF10} = {6A10E5B9-F6DC-4CD4-A3DA-48CE170992C6}
		{5DE986E4-411C-42AE-AB5A-472D73EBD8F6} = {6A10E5B9-F6DC-4CD4-A3DA-48CE170992C6}
		{30660A73-2526-471F-A0F0-73A0720EB41E} = {6A10E5B9-F6DC-4CD4-A3DA-48CE170992C6}
		{AD172532-AA37-4B56-8738-8B33640D06B7} = {6A10E5B9-F6DC-4CD4-A3DA-48CE170992C6}
	EndGlobalSection
	GlobalSection(ExtensibilityGlobals) = postSolution
		SolutionGuid = {7A91B6F2-3A0A-4E24-9E70-D67E6AAC28AD}
	EndGlobalSection
EndGlobal
